
Microsoft Visual Studio Solution File, Format Version 12.00
# Visual Studio Version 17
VisualStudioVersion = 17.3.32825.248
MinimumVisualStudioVersion = 10.0.40219.1
Project("{9A19103F-16F7-4668-BE54-9A1E7A4F7556}") = "MusicPlayer.Desktop", "MusicPlayer.Desktop\MusicPlayer.Desktop.csproj", "{1C51F98F-BB36-4A54-ABD5-C040F93B5E3B}"
EndProject
Project("{9A19103F-16F7-4668-BE54-9A1E7A4F7556}") = "MusicPlayer.Domain", "MusicPlayer.Domain\MusicPlayer.Domain.csproj", "{CA4925B0-A6ED-40A1-9A09-5F15D46A09D5}"
EndProject
Project("{9A19103F-16F7-4668-BE54-9A1E7A4F7556}") = "MusicPlayer.Data", "MusicPlayer.Data\MusicPlayer.Data.csproj", "{E444390B-B1A5-40FE-B4CE-8CAFF6A8713D}"
EndProject
Project("{9A19103F-16F7-4668-BE54-9A1E7A4F7556}") = "MusicPlayer.Service", "MusicPlayer.Service\MusicPlayer.Service.csproj", "{3D4A160C-9C88-44D8-A667-E2589B437E80}"
EndProject
Project("{FAE04EC0-301F-11D3-BF4B-00C04F79EFBC}") = "MusicPlayer.Api", "MusicPlayer.Api\MusicPlayer.Api.csproj", "{2B2FD388-04FD-4E3A-9E65-4373CA9B8601}"
EndProject
Global
	GlobalSection(SolutionConfigurationPlatforms) = preSolution
		Debug|Any CPU = Debug|Any CPU
		Release|Any CPU = Release|Any CPU
	EndGlobalSection
	GlobalSection(ProjectConfigurationPlatforms) = postSolution
		{1C51F98F-BB36-4A54-ABD5-C040F93B5E3B}.Debug|Any CPU.ActiveCfg = Debug|Any CPU
		{1C51F98F-BB36-4A54-ABD5-C040F93B5E3B}.Debug|Any CPU.Build.0 = Debug|Any CPU
		{1C51F98F-BB36-4A54-ABD5-C040F93B5E3B}.Release|Any CPU.ActiveCfg = Release|Any CPU
		{1C51F98F-BB36-4A54-ABD5-C040F93B5E3B}.Release|Any CPU.Build.0 = Release|Any CPU
		{CA4925B0-A6ED-40A1-9A09-5F15D46A09D5}.Debug|Any CPU.ActiveCfg = Debug|Any CPU
		{CA4925B0-A6ED-40A1-9A09-5F15D46A09D5}.Debug|Any CPU.Build.0 = Debug|Any CPU
		{CA4925B0-A6ED-40A1-9A09-5F15D46A09D5}.Release|Any CPU.ActiveCfg = Release|Any CPU
		{CA4925B0-A6ED-40A1-9A09-5F15D46A09D5}.Release|Any CPU.Build.0 = Release|Any CPU
		{E444390B-B1A5-40FE-B4CE-8CAFF6A8713D}.Debug|Any CPU.ActiveCfg = Debug|Any CPU
		{E444390B-B1A5-40FE-B4CE-8CAFF6A8713D}.Debug|Any CPU.Build.0 = Debug|Any CPU
		{E444390B-B1A5-40FE-B4CE-8CAFF6A8713D}.Release|Any CPU.ActiveCfg = Release|Any CPU
		{E444390B-B1A5-40FE-B4CE-8CAFF6A8713D}.Release|Any CPU.Build.0 = Release|Any CPU
		{3D4A160C-9C88-44D8-A667-E2589B437E80}.Debug|Any CPU.ActiveCfg = Debug|Any CPU
		{3D4A160C-9C88-44D8-A667-E2589B437E80}.Debug|Any CPU.Build.0 = Debug|Any CPU
		{3D4A160C-9C88-44D8-A667-E2589B437E80}.Release|Any CPU.ActiveCfg = Release|Any CPU
		{3D4A160C-9C88-44D8-A667-E2589B437E80}.Release|Any CPU.Build.0 = Release|Any CPU
		{2B2FD388-04FD-4E3A-9E65-4373CA9B8601}.Debug|Any CPU.ActiveCfg = Debug|Any CPU
		{2B2FD388-04FD-4E3A-9E65-4373CA9B8601}.Debug|Any CPU.Build.0 = Debug|Any CPU
		{2B2FD388-04FD-4E3A-9E65-4373CA9B8601}.Release|Any CPU.ActiveCfg = Release|Any CPU
		{2B2FD388-04FD-4E3A-9E65-4373CA9B8601}.Release|Any CPU.Build.0 = Release|Any CPU
	EndGlobalSection
	GlobalSection(SolutionProperties) = preSolution
		HideSolutionNode = FALSE
	EndGlobalSection
	GlobalSection(ExtensibilityGlobals) = postSolution
		SolutionGuid = {B50F8C5D-0FBE-4861-A870-7EBCB225DB6F}
	EndGlobalSection
EndGlobal
